{
  "nodes": {
    "hrml": {
      "inputs": {
        "nixpkgs": "nixpkgs"
      },
      "locked": {
        "lastModified": 1791172447,
        "narHash": "sha256-BTxbTdM0cgFdbxjtZZ9UvhDoxfX7wGEXSS4C+tlSmNI=",
        "owner": "Unsuspicious-Industries",
        "repo": "hrml",
        "rev": "3c51316f028e62bb26c1ee2285c188d3dd0c4c68",
        "type": "github"
      },
      "original": {
        "owner": "Unsuspicious-Industries",
        "repo": "hrml",
        "type": "github"
      }
    },
    "nixpkgs": {
      "locked": {
        "lastModified": 1785967620,
        "narHash": "sha256-IItrdb7Puk05RqOBWZYFC5X6Wl1sJmCfh5MWVHw5iMM=",
        "owner": "NixOS",
        "repo": "nixpkgs",
        "rev": "b7c2ada94fe99c15b0dbcf4d11fd7850b957a436",
        "type": "github"
      },
      "original": {
        "owner": "NixOS",
        "ref": "nixos-unstable",
        "repo": "nixpkgs",
        "type": "github"
      }
    },
    "nixpkgs_2": {
      "locked": {
        "lastModified": 1788614874,
        "narHash": "sha256-7QYjT2vHLuX9Z1pdxHXDKCbh1CR3D/2rywB9Tx0MPRg=",
        "owner": "NixOS",
        "repo": "nixpkgs",
        "rev": "c043004d1c6985732bcc1cbc5a9c9aecbbb4e0f0",
        "type": "github"
      },
      "original": {
        "owner": "NixOS",
        "ref": "nixos-unstable",
        "repo": "nixpkgs",
        "type": "github"
      }
    },
    "nixpkgs_3": {
      "locked": {
        "lastModified": 1785967620,
        "narHash": "sha256-IItrdb7Puk05RqOBWZYFC5X6Wl1sJmCfh5MWVHw5iMM=",
        "owner": "NixOS",
        "repo": "nixpkgs",
        "rev": "b7c2ada94fe99c15b0dbcf4d11fd7850b957a436",
        "type": "github"
      },
      "original": {
        "owner": "NixOS",
        "ref": "nixos-unstable",
        "repo": "nixpkgs",
        "type": "github"
      }
    },
    "root": {
      "inputs": {
        "hrml": "hrml",
        "nixpkgs": "nixpkgs_2",
        "usi-ui": "usi-ui"
      }
    },
    "usi-ui": {
      "inputs": {
        "nixpkgs": "nixpkgs_3"
      },
      "locked": {
        "lastModified": 1791512685,
        "narHash": "sha256-6d00pDQWiyh73lYHHRq93nGUr7Dexex2vc2j5h89lGU=",
        "ref": "refs/heads/main",
        "rev": "8a6d984536c97403a30ea855df44a1ae7f58bc35",
        "revCount": 15,
        "type": "git",
        "url": "ssh://git@github.com/Unsuspicious-Industries/ui.git"
      },
      "original": {
        "type": "git",
        "url": "ssh://git@github.com/Unsuspicious-Industries/ui.git"
      }
    }
  },
  "root": "root",
  "version": 7
}
